// !$*UTF8*$!
{
	archiveVersion = 1;
	classes = {
	};
	objectVersion = 55;
	objects = {

/* Begin PBXBuildFile section */
		5E45A81A29DFA9FE00C02E47 /* NewViewController.swift in Sources */ = {isa = PBXBuildFile; fileRef = 5E45A81929DFA9FE00C02E47 /* NewViewController.swift */; };
		5EEDF5BA29DF9A3B0090FDFC /* AppDelegate.swift in Sources */ = {isa = PBXBuildFile; fileRef = 5EEDF5B929DF9A3B0090FDFC /* AppDelegate.swift */; };
		5EEDF5BC29DF9A3B0090FDFC /* SceneDelegate.swift in Sources */ = {isa = PBXBuildFile; fileRef = 5EEDF5BB29DF9A3B0090FDFC /* SceneDelegate.swift */; };
		5EEDF5C129DF9A3B0090FDFC /* Main.storyboard in Resources */ = {isa = PBXBuildFile; fileRef = 5EEDF5BF29DF9A3B0090FDFC /* Main.storyboard */; };
		5EEDF5C329DF9A410090FDFC /* Assets.xcassets in Resources */ = {isa = PBXBuildFile; fileRef = 5EEDF5C229DF9A410090FDFC /* Assets.xcassets */; };
		5EEDF5C629DF9A410090FDFC /* LaunchScreen.storyboard in Resources */ = {isa = PBXBuildFile; fileRef = 5EEDF5C429DF9A410090FDFC /* LaunchScreen.storyboard */; };
		5EEDF5D329DF9DC00090FDFC /* Data.swift in Sources */ = {isa = PBXBuildFile; fileRef = 5EEDF5D229DF9DC00090FDFC /* Data.swift */; };
		5EEDF5D529DF9DDA0090FDFC /* Manager.swift in Sources */ = {isa = PBXBuildFile; fileRef = 5EEDF5D429DF9DDA0090FDFC /* Manager.swift */; };
/* End PBXBuildFile section */

/* Begin PBXFileReference section */
		5E45A81929DFA9FE00C02E47 /* NewViewController.swift */ = {isa = PBXFileReference; lastKnownFileType = sourcecode.swift; path = NewViewController.swift; sourceTree = "<group>"; };
		5EEDF5B629DF9A3B0090FDFC /* CoinAPI.app */ = {isa = PBXFileReference; explicitFileType = wrapper.application; includeInIndex = 0; path = CoinAPI.app; sourceTree = BUILT_PRODUCTS_DIR; };
		5EEDF5B929DF9A3B0090FDFC /* AppDelegate.swift */ = {isa = PBXFileReference; lastKnownFileType = sourcecode.swift; path = AppDelegate.swift; sourceTree = "<group>"; };
		5EEDF5BB29DF9A3B0090FDFC /* SceneDelegate.swift */ = {isa = PBXFileReference; lastKnownFileType = sourcecode.swift; path = SceneDelegate.swift; sourceTree = "<group>"; };
		5EEDF5C029DF9A3B0090FDFC /* Base */ = {isa = PBXFileReference; lastKnownFileType = file.storyboard; name = Base; path = Base.lproj/Main.storyboard; sourceTree = "<group>"; };
		5EEDF5C229DF9A410090FDFC /* Assets.xcassets */ = {isa = PBXFileReference; lastKnownFileType = folder.assetcatalog; path = Assets.xcassets; sourceTree = "<group>"; };
		5EEDF5C529DF9A410090FDFC /* Base */ = {isa = PBXFileReference; lastKnownFileType = file.storyboard; name = Base; path = Base.lproj/LaunchScreen.storyboard; sourceTree = "<group>"; };
		5EEDF5C729DF9A410090FDFC /* Info.plist */ = {isa = PBXFileReference; lastKnownFileType = text.plist.xml; path = Info.plist; sourceTree = "<group>"; };
		5EEDF5D229DF9DC00090FDFC /* Data.swift */ = {isa = PBXFileReference; lastKnownFileType = sourcecode.swift; path = Data.swift; sourceTree = "<group>"; };
		5EEDF5D429DF9DDA0090FDFC /* Manager.swift */ = {isa = PBXFileReference; lastKnownFileType = sourcecode.swift; path = Manager.swift; sourceTree = "<group>"; };
/* End PBXFileReference section */

/* Begin PBXFrameworksBuildPhase section */
		5EEDF5B329DF9A3B0090FDFC /* Frameworks */ = {
			isa = PBXFrameworksBuildPhase;
			buildActionMask = 2147483647;
			files = (
			);
			runOnlyForDeploymentPostprocessing = 0;
		};
/* End PBXFrameworksBuildPhase section */

/* Begin PBXGroup section */
		5EEDF5AD29DF9A3B0090FDFC = {
			isa = PBXGroup;
			children = (
				5EEDF5B829DF9A3B0090FDFC /* CoinAPI */,
				5EEDF5B729DF9A3B0090FDFC /* Products */,
			);
			sourceTree = "<group>";
		};
		5EEDF5B729DF9A3B0090FDFC /* Products */ = {
			isa = PBXGroup;
			children = (
				5EEDF5B629DF9A3B0090FDFC /* CoinAPI.app */,
			);
			name = Products;
			sourceTree = "<group>";
		};
		5EEDF5B829DF9A3B0090FDFC /* CoinAPI */ = {
			isa = PBXGroup;
			children = (
				5EEDF5CD29DF9C6A0090FDFC /* Model */,
				5EEDF5B929DF9A3B0090FDFC /* AppDelegate.swift */,
				5E45A81929DFA9FE00C02E47 /* NewViewController.swift */,
				5EEDF5BB29DF9A3B0090FDFC /* SceneDelegate.swift */,
				5EEDF5BF29DF9A3B0090FDFC /* Main.storyboard */,
				5EEDF5C229DF9A410090FDFC /* Assets.xcassets */,
				5EEDF5C429DF9A410090FDFC /* LaunchScreen.storyboard */,
				5EEDF5C729DF9A410090FDFC /* Info.plist */,
			);
			path = CoinAPI;
			sourceTree = "<group>";
		};
		5EEDF5CD29DF9C6A0090FDFC /* Model */ = {
			isa = PBXGroup;
			children = (
				5EEDF5D229DF9DC00090FDFC /* Data.swift */,
				5EEDF5D429DF9DDA0090FDFC /* Manager.swift */,
			);
			path = Model;
			sourceTree = "<group>";
		};
/* End PBXGroup section */

/* Begin PBXNativeTarget section */
		5EEDF5B529DF9A3B0090FDFC /* CoinAPI */ = {
			isa = PBXNativeTarget;
			buildConfigurationList = 5EEDF5CA29DF9A410090FDFC /* Build configuration list for PBXNativeTarget "CoinAPI" */;
			buildPhases = (
				5EEDF5B229DF9A3B0090FDFC /* Sources */,
				5EEDF5B329DF9A3B0090FDFC /* Frameworks */,
				5EEDF5B429DF9A3B0090FDFC /* Resources */,
			);
			buildRules = (
			);
			dependencies = (
			);
			name = CoinAPI;
			productName = CoinAPI;
			productReference = 5EEDF5B629DF9A3B0090FDFC /* CoinAPI.app */;
			productType = "com.apple.product-type.application";
		};
/* End PBXNativeTarget section */

/* Begin PBXProject section */
		5EEDF5AE29DF9A3B0090FDFC /* Project object */ = {
			isa = PBXProject;
			attributes = {
				BuildIndependentTargetsInParallel = 1;
				LastSwiftUpdateCheck = 1340;
				LastUpgradeCheck = 1340;
				TargetAttributes = {
					5EEDF5B529DF9A3B0090FDFC = {
						CreatedOnToolsVersion = 13.4;
					};
				};
			};
			buildConfigurationList = 5EEDF5B129DF9A3B0090FDFC /* Build configuration list for PBXProject "CoinAPI" */;
			compatibilityVersion = "Xcode 13.0";
			developmentRegion = en;
			hasScannedForEncodings = 0;
			knownRegions = (
				en,
				Base,
			);
			mainGroup = 5EEDF5AD29DF9A3B0090FDFC;
			productRefGroup = 5EEDF5B729DF9A3B0090FDFC /* Products */;
			projectDirPath = "";
			projectRoot = "";
			targets = (
				5EEDF5B529DF9A3B0090FDFC /* CoinAPI */,
			);
		};
/* End PBXProject section */

/* Begin PBXResourcesBuildPhase section */
		5EEDF5B429DF9A3B0090FDFC /* Resources */ = {
			isa = PBXResourcesBuildPhase;
			buildActionMask = 2147483647;
			files = (
				5EEDF5C629DF9A410090FDFC /* LaunchScreen.storyboard in Resources */,
				5EEDF5C329DF9A410090FDFC /* Assets.xcassets in Resources */,
				5EEDF5C129DF9A3B0090FDFC /* Main.storyboard in Resources */,
			);
			runOnlyForDeploymentPostprocessing = 0;
		};
/* End PBXResourcesBuildPhase section */

/* Begin PBXSourcesBuildPhase section */
		5EEDF5B229DF9A3B0090FDFC /* Sources */ = {
			isa = PBXSourcesBuildPhase;
			buildActionMask = 2147483647;
			files = (
				5EEDF5D329DF9DC00090FDFC /* Data.swift in Sources */,
				5EEDF5D529DF9DDA0090FDFC /* Manager.swift in Sources */,
				5E45A81A29DFA9FE00C02E47 /* NewViewController.swift in Sources */,
				5EEDF5BA29DF9A3B0090FDFC /* AppDelegate.swift in Sources */,
				5EEDF5BC29DF9A3B0090FDFC /* SceneDelegate.swift in Sources */,
			);
			runOnlyForDeploymentPostprocessing = 0;
		};
/* End PBXSourcesBuildPhase section */

/* Begin PBXVariantGroup section */
		5EEDF5BF29DF9A3B0090FDFC /* Main.storyboard */ = {
			isa = PBXVariantGroup;
			children = (
				5EEDF5C029DF9A3B0090FDFC /* Base */,
			);
			name = Main.storyboard;
			sourceTree = "<group>";
		};
		5EEDF5C429DF9A410090FDFC /* LaunchScreen.storyboard */ = {
			isa = PBXVariantGroup;
			children = (
				5EEDF5C529DF9A410090FDFC /* Base */,
			);
			name = LaunchScreen.storyboard;
			sourceTree = "<group>";
		};
/* End PBXVariantGroup section */

/* Begin XCBuildConfiguration section */
		5EEDF5C829DF9A410090FDFC /* Debug */ = {
			isa = XCBuildConfiguration;
			buildSettings = {
				ALWAYS_SEARCH_USER_PATHS = NO;
				CLANG_ANALYZER_NONNULL = YES;
				CLANG_ANALYZER_NUMBER_OBJECT_CONVERSION = YES_AGGRESSIVE;
				CLANG_CXX_LANGUAGE_STANDARD = "gnu++17";
				CLANG_ENABLE_MODULES = YES;
				CLANG_ENABLE_OBJC_ARC = YES;
				CLANG_ENABLE_OBJC_WEAK = YES;
				CLANG_WARN_BLOCK_CAPTURE_AUTORELEASING = YES;
				CLANG_WARN_BOOL_CONVERSION = YES;
				CLANG_WARN_COMMA = YES;
				CLANG_WARN_CONSTANT_CONVERSION = YES;
				CLANG_WARN_DEPRECATED_OBJC_IMPLEMENTATIONS = YES;
				CLANG_WARN_DIRECT_OBJC_ISA_USAGE = YES_ERROR;
				CLANG_WARN_DOCUMENTATION_COMMENTS = YES;
				CLANG_WARN_EMPTY_BODY = YES;
				CLANG_WARN_ENUM_CONVERSION = YES;
				CLANG_WARN_INFINITE_RECURSION = YES;
				CLANG_WARN_INT_CONVERSION = YES;
				CLANG_WARN_NON_LITERAL_NULL_CONVERSION = YES;
				CLANG_WARN_OBJC_IMPLICIT_RETAIN_SELF = YES;
				CLANG_WARN_OBJC_LITERAL_CONVERSION = YES;
				CLANG_WARN_OBJC_ROOT_CLASS = YES_ERROR;
				CLANG_WARN_QUOTED_INCLUDE_IN_FRAMEWORK_HEADER = YES;
				CLANG_WARN_RANGE_LOOP_ANALYSIS = YES;
				CLANG_WARN_STRICT_PROTOTYPES = YES;
				CLANG_WARN_SUSPICIOUS_MOVE = YES;
				CLANG_WARN_UNGUARDED_AVAILABILITY = YES_AGGRESSIVE;
				CLANG_WARN_UNREACHABLE_CODE = YES;
				CLANG_WARN__DUPLICATE_METHOD_MATCH = YES;
				COPY_PHASE_STRIP = NO;
				DEBUG_INFORMATION_FORMAT = dwarf;
				ENABLE_STRICT_OBJC_MSGSEND = YES;
				ENABLE_TESTABILITY = YES;
				GCC_C_LANGUAGE_STANDARD = gnu11;
				GCC_DYNAMIC_NO_PIC = NO;
				GCC_NO_COMMON_BLOCKS = YES;
				GCC_OPTIMIZATION_LEVEL = 0;
				GCC_PREPROCESSOR_DEFINITIONS = (
					"DEBUG=1",
					"$(inherited)",
				);
				GCC_WARN_64_TO_32_BIT_CONVERSION = YES;
				GCC_WARN_ABOUT_RETURN_TYPE = YES_ERROR;
				GCC_WARN_UNDECLARED_SELECTOR = YES;
				GCC_WARN_UNINITIALIZED_AUTOS = YES_AGGRESSIVE;
				GCC_WARN_UNUSED_FUNCTION = YES;
				GCC_WARN_UNUSED_VARIABLE = YES;
				IPHONEOS_DEPLOYMENT_TARGET = 15.5;
				MTL_ENABLE_DEBUG_INFO = INCLUDE_SOURCE;
				MTL_FAST_MATH = YES;
				ONLY_ACTIVE_ARCH = YES;
				SDKROOT = iphoneos;
				SWIFT_ACTIVE_COMPILATION_CONDITIONS = DEBUG;
				SWIFT_OPTIMIZATION_LEVEL = "-Onone";
			};
			name = Debug;
		};
		5EEDF5C929DF9A410090FDFC /* Release */ = {
			isa = XCBuildConfiguration;
			buildSettings = {
				ALWAYS_SEARCH_USER_PATHS = NO;
				CLANG_ANALYZER_NONNULL = YES;
				CLANG_ANALYZER_NUMBER_OBJECT_CONVERSION = YES_AGGRESSIVE;
				CLANG_CXX_LANGUAGE_STANDARD = "gnu++17";
				CLANG_ENABLE_MODULES = YES;
				CLANG_ENABLE_OBJC_ARC = YES;
				CLANG_ENABLE_OBJC_WEAK = YES;
				CLANG_WARN_BLOCK_CAPTURE_AUTORELEASING = YES;
				CLANG_WARN_BOOL_CONVERSION = YES;
				CLANG_WARN_COMMA = YES;
				CLANG_WARN_CONSTANT_CONVERSION = YES;
				CLANG_WARN_DEPRECATED_OBJC_IMPLEMENTATIONS = YES;
				CLANG_WARN_DIRECT_OBJC_ISA_USAGE = YES_ERROR;
				CLANG_WARN_DOCUMENTATION_COMMENTS = YES;
				CLANG_WARN_EMPTY_BODY = YES;
				CLANG_WARN_ENUM_CONVERSION = YES;
				CLANG_WARN_INFINITE_RECURSION = YES;
				CLANG_WARN_INT_CONVERSION = YES;
				CLANG_WARN_NON_LITERAL_NULL_CONVERSION = YES;
				CLANG_WARN_OBJC_IMPLICIT_RETAIN_SELF = YES;
				CLANG_WARN_OBJC_LITERAL_CONVERSION = YES;
				CLANG_WARN_OBJC_ROOT_CLASS = YES_ERROR;
				CLANG_WARN_QUOTED_INCLUDE_IN_FRAMEWORK_HEADER = YES;
				CLANG_WARN_RANGE_LOOP_ANALYSIS = YES;
				CLANG_WARN_STRICT_PROTOTYPES = YES;
				CLANG_WARN_SUSPICIOUS_MOVE = YES;
				CLANG_WARN_UNGUARDED_AVAILABILITY = YES_AGGRESSIVE;
				CLANG_WARN_UNREACHABLE_CODE = YES;
				CLANG_WARN__DUPLICATE_METHOD_MATCH = YES;
				COPY_PHASE_STRIP = NO;
				DEBUG_INFORMATION_FORMAT = "dwarf-with-dsym";
				ENABLE_NS_ASSERTIONS = NO;
				ENABLE_STRICT_OBJC_MSGSEND = YES;
				GCC_C_LANGUAGE_STANDARD = gnu11;
				GCC_NO_COMMON_BLOCKS = YES;
				GCC_WARN_64_TO_32_BIT_CONVERSION = YES;
				GCC_WARN_ABOUT_RETURN_TYPE = YES_ERROR;
				GCC_WARN_UNDECLARED_SELECTOR = YES;
				GCC_WARN_UNINITIALIZED_AUTOS = YES_AGGRESSIVE;
				GCC_WARN_UNUSED_FUNCTION = YES;
				GCC_WARN_UNUSED_VARIABLE = YES;
				IPHONEOS_DEPLOYMENT_TARGET = 15.5;
				MTL_ENABLE_DEBUG_INFO = NO;
				MTL_FAST_MATH = YES;
				SDKROOT = iphoneos;
				SWIFT_COMPILATION_MODE = wholemodule;
				SWIFT_OPTIMIZATION_LEVEL = "-O";
				VALIDATE_PRODUCT = YES;
			};
			name = Release;
		};
		5EEDF5CB29DF9A410090FDFC /* Debug */ = {
			isa = XCBuildConfiguration;
			buildSettings = {
				ASSETCATALOG_COMPILER_APPICON_NAME = AppIcon;
				ASSETCATALOG_COMPILER_GLOBAL_ACCENT_COLOR_NAME = AccentColor;
				CODE_SIGN_STYLE = Automatic;
				CURRENT_PROJECT_VERSION = 1;
				DEVELOPMENT_TEAM = 83838Q8A6R;
				GENERATE_INFOPLIST_FILE = YES;
				INFOPLIST_FILE = CoinAPI/Info.plist;
				INFOPLIST_KEY_UIApplicationSupportsIndirectInputEvents = YES;
				INFOPLIST_KEY_UILaunchStoryboardName = LaunchScreen;
				INFOPLIST_KEY_UIMainStoryboardFile = Main;
				INFOPLIST_KEY_UISupportedInterfaceOrientations_iPad = "UIInterfaceOrientationPortrait UIInterfaceOrientationPortraitUpsideDown UIInterfaceOrientationLandscapeLeft UIInterfaceOrientationLandscapeRight";
				INFOPLIST_KEY_UISupportedInterfaceOrientations_iPhone = "UIInterfaceOrientationPortrait UIInterfaceOrientationLandscapeLeft UIInterfaceOrientationLandscapeRight";
				LD_RUNPATH_SEARCH_PATHS = (
					"$(inherited)",
					"@executable_path/Frameworks",
				);
				MARKETING_VERSION = 1.0;
				PRODUCT_BUNDLE_IDENTIFIER = canberk.yilmaz439.CoinAPI;
				PRODUCT_NAME = "$(TARGET_NAME)";
				SWIFT_EMIT_LOC_STRINGS = YES;
				SWIFT_VERSION = 5.0;
				TARGETED_DEVICE_FAMILY = "1,2";
			};
			name = Debug;
		};
		5EEDF5CC29DF9A410090FDFC /* Release */ = {
			isa = XCBuildConfiguration;
			buildSettings = {
				ASSETCATALOG_COMPILER_APPICON_NAME = AppIcon;
				ASSETCATALOG_COMPILER_GLOBAL_ACCENT_COLOR_NAME = AccentColor;
				CODE_SIGN_STYLE = Automatic;
				CURRENT_PROJECT_VERSION = 1;
				DEVELOPMENT_TEAM = 83838Q8A6R;
				GENERATE_INFOPLIST_FILE = YES;
				INFOPLIST_FILE = CoinAPI/Info.plist;
				INFOPLIST_KEY_UIApplicationSupportsIndirectInputEvents = YES;
				INFOPLIST_KEY_UILaunchStoryboardName = LaunchScreen;
				INFOPLIST_KEY_UIMainStoryboardFile = Main;
				INFOPLIST_KEY_UISupportedInterfaceOrientations_iPad = "UIInterfaceOrientationPortrait UIInterfaceOrientationPortraitUpsideDown UIInterfaceOrientationLandscapeLeft UIInterfaceOrientationLandscapeRight";
				INFOPLIST_KEY_UISupportedInterfaceOrientations_iPhone = "UIInterfaceOrientationPortrait UIInterfaceOrientationLandscapeLeft UIInterfaceOrientationLandscapeRight";
				LD_RUNPATH_SEARCH_PATHS = (
					"$(inherited)",
					"@executable_path/Frameworks",
				);
				MARKETING_VERSION = 1.0;
				PRODUCT_BUNDLE_IDENTIFIER = canberk.yilmaz439.CoinAPI;
				PRODUCT_NAME = "$(TARGET_NAME)";
				SWIFT_EMIT_LOC_STRINGS = YES;
				SWIFT_VERSION = 5.0;
				TARGETED_DEVICE_FAMILY = "1,2";
			};
			name = Release;
		};
/* End XCBuildConfiguration section */

/* Begin XCConfigurationList section */
		5EEDF5B129DF9A3B0090FDFC /* Build configuration list for PBXProject "CoinAPI" */ = {
			isa = XCConfigurationList;
			buildConfigurations = (
				5EEDF5C829DF9A410090FDFC /* Debug */,
				5EEDF5C929DF9A410090FDFC /* Release */,
			);
			defaultConfigurationIsVisible = 0;
			defaultConfigurationName = Release;
		};
		5EEDF5CA29DF9A410090FDFC /* Build configuration list for PBXNativeTarget "CoinAPI" */ = {
			isa = XCConfigurationList;
			buildConfigurations = (
				5EEDF5CB29DF9A410090FDFC /* Debug */,
				5EEDF5CC29DF9A410090FDFC /* Release */,
			);
			defaultConfigurationIsVisible = 0;
			defaultConfigurationName = Release;
		};
/* End XCConfigurationList section */
	};
	rootObject = 5EEDF5AE29DF9A3B0090FDFC /* Project object */;
}
